
Microsoft Visual Studio Solution File, Format Version 12.00
# Visual Studio Version 17
VisualStudioVersion = 17.4.33103.184
MinimumVisualStudioVersion = 10.0.40219.1
Project("{FAE04EC0-301F-11D3-BF4B-00C04F79EFBC}") = "AOPDemo", "AOPDemo\AOPDemo.csproj", "{EDC04206-ED16-4634-9D21-1078F3C0A740}"
EndProject
Global
	GlobalSection(SolutionConfigurationPlatforms) = preSolution
		Debug|Any CPU = Debug|Any CPU
		Release|Any CPU = Release|Any CPU
	EndGlobalSection
	GlobalSection(ProjectConfigurationPlatforms) = postSolution
		{EDC04206-ED16-4634-9D21-1078F3C0A740}.Debug|Any CPU.ActiveCfg = Debug|Any CPU
		{EDC04206-ED16-4634-9D21-1078F3C0A740}.Debug|Any CPU.Build.0 = Debug|Any CPU
		{EDC04206-ED16-4634-9D21-1078F3C0A740}.Release|Any CPU.ActiveCfg = Release|Any CPU
		{EDC04206-ED16-4634-9D21-1078F3C0A740}.Release|Any CPU.Build.0 = Release|Any CPU
	EndGlobalSection
	GlobalSection(SolutionProperties) = preSolution
		HideSolutionNode = FALSE
	EndGlobalSection
	GlobalSection(ExtensibilityGlobals) = postSolution
		SolutionGuid = {0162AF23-2F5B-4A37-A2B7-CCADB75EF06E}
	EndGlobalSection
EndGlobal
